
Microsoft Visual Studio Solution File, Format Version 12.00
# Visual Studio Version 16
VisualStudioVersion = 16.0.30523.141
MinimumVisualStudioVersion = 10.0.40219.1
Project("{FAE04EC0-301F-11D3-BF4B-00C04F79EFBC}") = "IconFontHelper.Sample.UWP", "IconFontHelper.Sample\IconFontHelper.Sample.UWP\IconFontHelper.Sample.UWP.csproj", "{7F4A0313-EA5C-4EB3-9BD7-0AF94B5A3D65}"
EndProject
Project("{FAE04EC0-301F-11D3-BF4B-00C04F79EFBC}") = "IconFontHelper.Sample.Android", "IconFontHelper.Sample\IconFontHelper.Sample.Android\IconFontHelper.Sample.Android.csproj", "{7B6F8DCB-950E-45A3-87AC-C86C284DF937}"
EndProject
Project("{FAE04EC0-301F-11D3-BF4B-00C04F79EFBC}") = "IconFontHelper.Sample.iOS", "IconFontHelper.Sample\IconFontHelper.Sample.iOS\IconFontHelper.Sample.iOS.csproj", "{45ADAAB3-99D8-40B4-B22D-89602A1CD310}"
EndProject
Project("{9A19103F-16F7-4668-BE54-9A1E7A4F7556}") = "IconFontHelper.Sample", "IconFontHelper.Sample\IconFontHelper.Sample\IconFontHelper.Sample.csproj", "{D730CF83-A572-43D4-B029-C4B757E0556F}"
EndProject
Project("{2150E333-8FDC-42A3-9474-1A3956D46DE8}") = "Sample", "Sample", "{34EB5DB3-D0E0-49F9-BB47-9BEE9BBA373E}"
EndProject
Project("{9A19103F-16F7-4668-BE54-9A1E7A4F7556}") = "IconFontHelper", "IconFontHelper\IconFontHelper.csproj", "{933FBA44-7F14-43C5-8CC2-0203F7230500}"
EndProject
Global
	GlobalSection(SolutionConfigurationPlatforms) = preSolution
		Debug|Any CPU = Debug|Any CPU
		Debug|ARM = Debug|ARM
		Debug|iPhone = Debug|iPhone
		Debug|iPhoneSimulator = Debug|iPhoneSimulator
		Debug|x64 = Debug|x64
		Debug|x86 = Debug|x86
		Release|Any CPU = Release|Any CPU
		Release|ARM = Release|ARM
		Release|iPhone = Release|iPhone
		Release|iPhoneSimulator = Release|iPhoneSimulator
		Release|x64 = Release|x64
		Release|x86 = Release|x86
	EndGlobalSection
	GlobalSection(ProjectConfigurationPlatforms) = postSolution
		{7F4A0313-EA5C-4EB3-9BD7-0AF94B5A3D65}.Debug|Any CPU.ActiveCfg = Debug|x86
		{7F4A0313-EA5C-4EB3-9BD7-0AF94B5A3D65}.Debug|Any CPU.Build.0 = Debug|x86
		{7F4A0313-EA5C-4EB3-9BD7-0AF94B5A3D65}.Debug|Any CPU.Deploy.0 = Debug|x86
		{7F4A0313-EA5C-4EB3-9BD7-0AF94B5A3D65}.Debug|ARM.ActiveCfg = Debug|ARM
		{7F4A0313-EA5C-4EB3-9BD7-0AF94B5A3D65}.Debug|ARM.Build.0 = Debug|ARM
		{7F4A0313-EA5C-4EB3-9BD7-0AF94B5A3D65}.Debug|ARM.Deploy.0 = Debug|ARM
		{7F4A0313-EA5C-4EB3-9BD7-0AF94B5A3D65}.Debug|iPhone.ActiveCfg = Debug|x86
		{7F4A0313-EA5C-4EB3-9BD7-0AF94B5A3D65}.Debug|iPhone.Build.0 = Debug|x86
		{7F4A0313-EA5C-4EB3-9BD7-0AF94B5A3D65}.Debug|iPhone.Deploy.0 = Debug|x86
		{7F4A0313-EA5C-4EB3-9BD7-0AF94B5A3D65}.Debug|iPhoneSimulator.ActiveCfg = Debug|x86
		{7F4A0313-EA5C-4EB3-9BD7-0AF94B5A3D65}.Debug|iPhoneSimulator.Build.0 = Debug|x86
		{7F4A0313-EA5C-4EB3-9BD7-0AF94B5A3D65}.Debug|iPhoneSimulator.Deploy.0 = Debug|x86
		{7F4A0313-EA5C-4EB3-9BD7-0AF94B5A3D65}.Debug|x64.ActiveCfg = Debug|x64
		{7F4A0313-EA5C-4EB3-9BD7-0AF94B5A3D65}.Debug|x64.Build.0 = Debug|x64
		{7F4A0313-EA5C-4EB3-9BD7-0AF94B5A3D65}.Debug|x64.Deploy.0 = Debug|x64
		{7F4A0313-EA5C-4EB3-9BD7-0AF94B5A3D65}.Debug|x86.ActiveCfg = Debug|x86
		{7F4A0313-EA5C-4EB3-9BD7-0AF94B5A3D65}.Debug|x86.Build.0 = Debug|x86
		{7F4A0313-EA5C-4EB3-9BD7-0AF94B5A3D65}.Debug|x86.Deploy.0 = Debug|x86
		{7F4A0313-EA5C-4EB3-9BD7-0AF94B5A3D65}.Release|Any CPU.ActiveCfg = Release|x86
		{7F4A0313-EA5C-4EB3-9BD7-0AF94B5A3D65}.Release|Any CPU.Build.0 = Release|x86
		{7F4A0313-EA5C-4EB3-9BD7-0AF94B5A3D65}.Release|Any CPU.Deploy.0 = Release|x86
		{7F4A0313-EA5C-4EB3-9BD7-0AF94B5A3D65}.Release|ARM.ActiveCfg = Release|ARM
		{7F4A0313-EA5C-4EB3-9BD7-0AF94B5A3D65}.Release|ARM.Build.0 = Release|ARM
		{7F4A0313-EA5C-4EB3-9BD7-0AF94B5A3D65}.Release|ARM.Deploy.0 = Release|ARM
		{7F4A0313-EA5C-4EB3-9BD7-0AF94B5A3D65}.Release|iPhone.ActiveCfg = Release|x86
		{7F4A0313-EA5C-4EB3-9BD7-0AF94B5A3D65}.Release|iPhone.Build.0 = Release|x86
		{7F4A0313-EA5C-4EB3-9BD7-0AF94B5A3D65}.Release|iPhone.Deploy.0 = Release|x86
		{7F4A0313-EA5C-4EB3-9BD7-0AF94B5A3D65}.Release|iPhoneSimulator.ActiveCfg = Release|x86
		{7F4A0313-EA5C-4EB3-9BD7-0AF94B5A3D65}.Release|iPhoneSimulator.Build.0 = Release|x86
		{7F4A0313-EA5C-4EB3-9BD7-0AF94B5A3D65}.Release|iPhoneSimulator.Deploy.0 = Release|x86
		{7F4A0313-EA5C-4EB3-9BD7-0AF94B5A3D65}.Release|x64.ActiveCfg = Release|x64
		{7F4A0313-EA5C-4EB3-9BD7-0AF94B5A3D65}.Release|x64.Build.0 = Release|x64
		{7F4A0313-EA5C-4EB3-9BD7-0AF94B5A3D65}.Release|x64.Deploy.0 = Release|x64
		{7F4A0313-EA5C-4EB3-9BD7-0AF94B5A3D65}.Release|x86.ActiveCfg = Release|x86
		{7F4A0313-EA5C-4EB3-9BD7-0AF94B5A3D65}.Release|x86.Build.0 = Release|x86
		{7F4A0313-EA5C-4EB3-9BD7-0AF94B5A3D65}.Release|x86.Deploy.0 = Release|x86
		{7B6F8DCB-950E-45A3-87AC-C86C284DF937}.Debug|Any CPU.ActiveCfg = Debug|Any CPU
		{7B6F8DCB-950E-45A3-87AC-C86C284DF937}.Debug|Any CPU.Build.0 = Debug|Any CPU
		{7B6F8DCB-950E-45A3-87AC-C86C284DF937}.Debug|Any CPU.Deploy.0 = Debug|Any CPU
		{7B6F8DCB-950E-45A3-87AC-C86C284DF937}.Debug|ARM.ActiveCfg = Debug|Any CPU
		{7B6F8DCB-950E-45A3-87AC-C86C284DF937}.Debug|ARM.Build.0 = Debug|Any CPU
		{7B6F8DCB-950E-45A3-87AC-C86C284DF937}.Debug|ARM.Deploy.0 = Debug|Any CPU
		{7B6F8DCB-950E-45A3-87AC-C86C284DF937}.Debug|iPhone.ActiveCfg = Debug|Any CPU
		{7B6F8DCB-950E-45A3-87AC-C86C284DF937}.Debug|iPhone.Build.0 = Debug|Any CPU
		{7B6F8DCB-950E-45A3-87AC-C86C284DF937}.Debug|iPhone.Deploy.0 = Debug|Any CPU
		{7B6F8DCB-950E-45A3-87AC-C86C284DF937}.Debug|iPhoneSimulator.ActiveCfg = Debug|Any CPU
		{7B6F8DCB-950E-45A3-87AC-C86C284DF937}.Debug|iPhoneSimulator.Build.0 = Debug|Any CPU
		{7B6F8DCB-950E-45A3-87AC-C86C284DF937}.Debug|iPhoneSimulator.Deploy.0 = Debug|Any CPU
		{7B6F8DCB-950E-45A3-87AC-C86C284DF937}.Debug|x64.ActiveCfg = Debug|Any CPU
		{7B6F8DCB-950E-45A3-87AC-C86C284DF937}.Debug|x64.Build.0 = Debug|Any CPU
		{7B6F8DCB-950E-45A3-87AC-C86C284DF937}.Debug|x64.Deploy.0 = Debug|Any CPU
		{7B6F8DCB-950E-45A3-87AC-C86C284DF937}.Debug|x86.ActiveCfg = Debug|Any CPU
		{7B6F8DCB-950E-45A3-87AC-C86C284DF937}.Debug|x86.Build.0 = Debug|Any CPU
		{7B6F8DCB-950E-45A3-87AC-C86C284DF937}.Debug|x86.Deploy.0 = Debug|Any CPU
		{7B6F8DCB-950E-45A3-87AC-C86C284DF937}.Release|Any CPU.ActiveCfg = Release|Any CPU
		{7B6F8DCB-950E-45A3-87AC-C86C284DF937}.Release|Any CPU.Build.0 = Release|Any CPU
		{7B6F8DCB-950E-45A3-87AC-C86C284DF937}.Release|Any CPU.Deploy.0 = Release|Any CPU
		{7B6F8DCB-950E-45A3-87AC-C86C284DF937}.Release|ARM.ActiveCfg = Release|Any CPU
		{7B6F8DCB-950E-45A3-87AC-C86C284DF937}.Release|ARM.Build.0 = Release|Any CPU
		{7B6F8DCB-950E-45A3-87AC-C86C284DF937}.Release|ARM.Deploy.0 = Release|Any CPU
		{7B6F8DCB-950E-45A3-87AC-C86C284DF937}.Release|iPhone.ActiveCfg = Release|Any CPU
		{7B6F8DCB-950E-45A3-87AC-C86C284DF937}.Release|iPhone.Build.0 = Release|Any CPU
		{7B6F8DCB-950E-45A3-87AC-C86C284DF937}.Release|iPhone.Deploy.0 = Release|Any CPU
		{7B6F8DCB-950E-45A3-87AC-C86C284DF937}.Release|iPhoneSimulator.ActiveCfg = Release|Any CPU
		{7B6F8DCB-950E-45A3-87AC-C86C284DF937}.Release|iPhoneSimulator.Build.0 = Release|Any CPU
		{7B6F8DCB-950E-45A3-87AC-C86C284DF937}.Release|iPhoneSimulator.Deploy.0 = Release|Any CPU
		{7B6F8DCB-950E-45A3-87AC-C86C284DF937}.Release|x64.ActiveCfg = Release|Any CPU
		{7B6F8DCB-950E-45A3-87AC-C86C284DF937}.Release|x64.Build.0 = Release|Any CPU
		{7B6F8DCB-950E-45A3-87AC-C86C284DF937}.Release|x64.Deploy.0 = Release|Any CPU
		{7B6F8DCB-950E-45A3-87AC-C86C284DF937}.Release|x86.ActiveCfg = Release|Any CPU
		{7B6F8DCB-950E-45A3-87AC-C86C284DF937}.Release|x86.Build.0 = Release|Any CPU
		{7B6F8DCB-950E-45A3-87AC-C86C284DF937}.Release|x86.Deploy.0 = Release|Any CPU
		{45ADAAB3-99D8-40B4-B22D-89602A1CD310}.Debug|Any CPU.ActiveCfg = Debug|iPhoneSimulator
		{45ADAAB3-99D8-40B4-B22D-89602A1CD310}.Debug|Any CPU.Build.0 = Debug|iPhoneSimulator
		{45ADAAB3-99D8-40B4-B22D-89602A1CD310}.Debug|Any CPU.Deploy.0 = Debug|iPhoneSimulator
		{45ADAAB3-99D8-40B4-B22D-89602A1CD310}.Debug|ARM.ActiveCfg = Debug|iPhone
		{45ADAAB3-99D8-40B4-B22D-89602A1CD310}.Debug|ARM.Build.0 = Debug|iPhone
		{45ADAAB3-99D8-40B4-B22D-89602A1CD310}.Debug|ARM.Deploy.0 = Debug|iPhone
		{45ADAAB3-99D8-40B4-B22D-89602A1CD310}.Debug|iPhone.ActiveCfg = Debug|iPhone
		{45ADAAB3-99D8-40B4-B22D-89602A1CD310}.Debug|iPhone.Build.0 = Debug|iPhone
		{45ADAAB3-99D8-40B4-B22D-89602A1CD310}.Debug|iPhone.Deploy.0 = Debug|iPhone
		{45ADAAB3-99D8-40B4-B22D-89602A1CD310}.Debug|iPhoneSimulator.ActiveCfg = Debug|iPhoneSimulator
		{45ADAAB3-99D8-40B4-B22D-89602A1CD310}.Debug|iPhoneSimulator.Build.0 = Debug|iPhoneSimulator
		{45ADAAB3-99D8-40B4-B22D-89602A1CD310}.Debug|iPhoneSimulator.Deploy.0 = Debug|iPhoneSimulator
		{45ADAAB3-99D8-40B4-B22D-89602A1CD310}.Debug|x64.ActiveCfg = Debug|iPhoneSimulator
		{45ADAAB3-99D8-40B4-B22D-89602A1CD310}.Debug|x64.Build.0 = Debug|iPhoneSimulator
		{45ADAAB3-99D8-40B4-B22D-89602A1CD310}.Debug|x64.Deploy.0 = Debug|iPhoneSimulator
		{45ADAAB3-99D8-40B4-B22D-89602A1CD310}.Debug|x86.ActiveCfg = Debug|iPhoneSimulator
		{45ADAAB3-99D8-40B4-B22D-89602A1CD310}.Debug|x86.Build.0 = Debug|iPhoneSimulator
		{45ADAAB3-99D8-40B4-B22D-89602A1CD310}.Debug|x86.Deploy.0 = Debug|iPhoneSimulator
		{45ADAAB3-99D8-40B4-B22D-89602A1CD310}.Release|Any CPU.ActiveCfg = Release|iPhoneSimulator
		{45ADAAB3-99D8-40B4-B22D-89602A1CD310}.Release|Any CPU.Build.0 = Release|iPhoneSimulator
		{45ADAAB3-99D8-40B4-B22D-89602A1CD310}.Release|Any CPU.Deploy.0 = Release|iPhoneSimulator
		{45ADAAB3-99D8-40B4-B22D-89602A1CD310}.Release|ARM.ActiveCfg = Release|iPhoneSimulator
		{45ADAAB3-99D8-40B4-B22D-89602A1CD310}.Release|ARM.Build.0 = Release|iPhoneSimulator
		{45ADAAB3-99D8-40B4-B22D-89602A1CD310}.Release|ARM.Deploy.0 = Release|iPhoneSimulator
		{45ADAAB3-99D8-40B4-B22D-89602A1CD310}.Release|iPhone.ActiveCfg = Release|iPhone
		{45ADAAB3-99D8-40B4-B22D-89602A1CD310}.Release|iPhone.Build.0 = Release|iPhone
		{45ADAAB3-99D8-40B4-B22D-89602A1CD310}.Release|iPhone.Deploy.0 = Release|iPhone
		{45ADAAB3-99D8-40B4-B22D-89602A1CD310}.Release|iPhoneSimulator.ActiveCfg = Release|iPhoneSimulator
		{45ADAAB3-99D8-40B4-B22D-89602A1CD310}.Release|iPhoneSimulator.Build.0 = Release|iPhoneSimulator
		{45ADAAB3-99D8-40B4-B22D-89602A1CD310}.Release|iPhoneSimulator.Deploy.0 = Release|iPhoneSimulator
		{45ADAAB3-99D8-40B4-B22D-89602A1CD310}.Release|x64.ActiveCfg = Release|iPhoneSimulator
		{45ADAAB3-99D8-40B4-B22D-89602A1CD310}.Release|x64.Build.0 = Release|iPhoneSimulator
		{45ADAAB3-99D8-40B4-B22D-89602A1CD310}.Release|x64.Deploy.0 = Release|iPhoneSimulator
		{45ADAAB3-99D8-40B4-B22D-89602A1CD310}.Release|x86.ActiveCfg = Release|iPhoneSimulator
		{45ADAAB3-99D8-40B4-B22D-89602A1CD310}.Release|x86.Build.0 = Release|iPhoneSimulator
		{45ADAAB3-99D8-40B4-B22D-89602A1CD310}.Release|x86.Deploy.0 = Release|iPhoneSimulator
		{D730CF83-A572-43D4-B029-C4B757E0556F}.Debug|Any CPU.ActiveCfg = Debug|Any CPU
		{D730CF83-A572-43D4-B029-C4B757E0556F}.Debug|Any CPU.Build.0 = Debug|Any CPU
		{D730CF83-A572-43D4-B029-C4B757E0556F}.Debug|Any CPU.Deploy.0 = Debug|Any CPU
		{D730CF83-A572-43D4-B029-C4B757E0556F}.Debug|ARM.ActiveCfg = Debug|Any CPU
		{D730CF83-A572-43D4-B029-C4B757E0556F}.Debug|ARM.Build.0 = Debug|Any CPU
		{D730CF83-A572-43D4-B029-C4B757E0556F}.Debug|ARM.Deploy.0 = Debug|Any CPU
		{D730CF83-A572-43D4-B029-C4B757E0556F}.Debug|iPhone.ActiveCfg = Debug|Any CPU
		{D730CF83-A572-43D4-B029-C4B757E0556F}.Debug|iPhone.Build.0 = Debug|Any CPU
		{D730CF83-A572-43D4-B029-C4B757E0556F}.Debug|iPhone.Deploy.0 = Debug|Any CPU
		{D730CF83-A572-43D4-B029-C4B757E0556F}.Debug|iPhoneSimulator.ActiveCfg = Debug|Any CPU
		{D730CF83-A572-43D4-B029-C4B757E0556F}.Debug|iPhoneSimulator.Build.0 = Debug|Any CPU
		{D730CF83-A572-43D4-B029-C4B757E0556F}.Debug|iPhoneSimulator.Deploy.0 = Debug|Any CPU
		{D730CF83-A572-43D4-B029-C4B757E0556F}.Debug|x64.ActiveCfg = Debug|Any CPU
		{D730CF83-A572-43D4-B029-C4B757E0556F}.Debug|x64.Build.0 = Debug|Any CPU
		{D730CF83-A572-43D4-B029-C4B757E0556F}.Debug|x64.Deploy.0 = Debug|Any CPU
		{D730CF83-A572-43D4-B029-C4B757E0556F}.Debug|x86.ActiveCfg = Debug|Any CPU
		{D730CF83-A572-43D4-B029-C4B757E0556F}.Debug|x86.Build.0 = Debug|Any CPU
		{D730CF83-A572-43D4-B029-C4B757E0556F}.Debug|x86.Deploy.0 = Debug|Any CPU
		{D730CF83-A572-43D4-B029-C4B757E0556F}.Release|Any CPU.ActiveCfg = Release|Any CPU
		{D730CF83-A572-43D4-B029-C4B757E0556F}.Release|Any CPU.Build.0 = Release|Any CPU
		{D730CF83-A572-43D4-B029-C4B757E0556F}.Release|Any CPU.Deploy.0 = Release|Any CPU
		{D730CF83-A572-43D4-B029-C4B757E0556F}.Release|ARM.ActiveCfg = Release|Any CPU
		{D730CF83-A572-43D4-B029-C4B757E0556F}.Release|ARM.Build.0 = Release|Any CPU
		{D730CF83-A572-43D4-B029-C4B757E0556F}.Release|ARM.Deploy.0 = Release|Any CPU
		{D730CF83-A572-43D4-B029-C4B757E0556F}.Release|iPhone.ActiveCfg = Release|Any CPU
		{D730CF83-A572-43D4-B029-C4B757E0556F}.Release|iPhone.Build.0 = Release|Any CPU
		{D730CF83-A572-43D4-B029-C4B757E0556F}.Release|iPhone.Deploy.0 = Release|Any CPU
		{D730CF83-A572-43D4-B029-C4B757E0556F}.Release|iPhoneSimulator.ActiveCfg = Release|Any CPU
		{D730CF83-A572-43D4-B029-C4B757E0556F}.Release|iPhoneSimulator.Build.0 = Release|Any CPU
		{D730CF83-A572-43D4-B029-C4B757E0556F}.Release|iPhoneSimulator.Deploy.0 = Release|Any CPU
		{D730CF83-A572-43D4-B029-C4B757E0556F}.Release|x64.ActiveCfg = Release|Any CPU
		{D730CF83-A572-43D4-B029-C4B757E0556F}.Release|x64.Build.0 = Release|Any CPU
		{D730CF83-A572-43D4-B029-C4B757E0556F}.Release|x64.Deploy.0 = Release|Any CPU
		{D730CF83-A572-43D4-B029-C4B757E0556F}.Release|x86.ActiveCfg = Release|Any CPU
		{D730CF83-A572-43D4-B029-C4B757E0556F}.Release|x86.Build.0 = Release|Any CPU
		{D730CF83-A572-43D4-B029-C4B757E0556F}.Release|x86.Deploy.0 = Release|Any CPU
		{933FBA44-7F14-43C5-8CC2-0203F7230500}.Debug|Any CPU.ActiveCfg = Debug|Any CPU
		{933FBA44-7F14-43C5-8CC2-0203F7230500}.Debug|Any CPU.Build.0 = Debug|Any CPU
		{933FBA44-7F14-43C5-8CC2-0203F7230500}.Debug|ARM.ActiveCfg = Debug|Any CPU
		{933FBA44-7F14-43C5-8CC2-0203F7230500}.Debug|ARM.Build.0 = Debug|Any CPU
		{933FBA44-7F14-43C5-8CC2-0203F7230500}.Debug|iPhone.ActiveCfg = Debug|Any CPU
		{933FBA44-7F14-43C5-8CC2-0203F7230500}.Debug|iPhone.Build.0 = Debug|Any CPU
		{933FBA44-7F14-43C5-8CC2-0203F7230500}.Debug|iPhoneSimulator.ActiveCfg = Debug|Any CPU
		{933FBA44-7F14-43C5-8CC2-0203F7230500}.Debug|iPhoneSimulator.Build.0 = Debug|Any CPU
		{933FBA44-7F14-43C5-8CC2-0203F7230500}.Debug|x64.ActiveCfg = Debug|Any CPU
		{933FBA44-7F14-43C5-8CC2-0203F7230500}.Debug|x64.Build.0 = Debug|Any CPU
		{933FBA44-7F14-43C5-8CC2-0203F7230500}.Debug|x86.ActiveCfg = Debug|Any CPU
		{933FBA44-7F14-43C5-8CC2-0203F7230500}.Debug|x86.Build.0 = Debug|Any CPU
		{933FBA44-7F14-43C5-8CC2-0203F7230500}.Release|Any CPU.ActiveCfg = Release|Any CPU
		{933FBA44-7F14-43C5-8CC2-0203F7230500}.Release|Any CPU.Build.0 = Release|Any CPU
		{933FBA44-7F14-43C5-8CC2-0203F7230500}.Release|ARM.ActiveCfg = Release|Any CPU
		{933FBA44-7F14-43C5-8CC2-0203F7230500}.Release|ARM.Build.0 = Release|Any CPU
		{933FBA44-7F14-43C5-8CC2-0203F7230500}.Release|iPhone.ActiveCfg = Release|Any CPU
		{933FBA44-7F14-43C5-8CC2-0203F7230500}.Release|iPhone.Build.0 = Release|Any CPU
		{933FBA44-7F14-43C5-8CC2-0203F7230500}.Release|iPhoneSimulator.ActiveCfg = Release|Any CPU
		{933FBA44-7F14-43C5-8CC2-0203F7230500}.Release|iPhoneSimulator.Build.0 = Release|Any CPU
		{933FBA44-7F14-43C5-8CC2-0203F7230500}.Release|x64.ActiveCfg = Release|Any CPU
		{933FBA44-7F14-43C5-8CC2-0203F7230500}.Release|x64.Build.0 = Release|Any CPU
		{933FBA44-7F14-43C5-8CC2-0203F7230500}.Release|x86.ActiveCfg = Release|Any CPU
		{933FBA44-7F14-43C5-8CC2-0203F7230500}.Release|x86.Build.0 = Release|Any CPU
	EndGlobalSection
	GlobalSection(SolutionProperties) = preSolution
		HideSolutionNode = FALSE
	EndGlobalSection
	GlobalSection(NestedProjects) = preSolution
		{7F4A0313-EA5C-4EB3-9BD7-0AF94B5A3D65} = {34EB5DB3-D0E0-49F9-BB47-9BEE9BBA373E}
		{7B6F8DCB-950E-45A3-87AC-C86C284DF937} = {34EB5DB3-D0E0-49F9-BB47-9BEE9BBA373E}
		{45ADAAB3-99D8-40B4-B22D-89602A1CD310} = {34EB5DB3-D0E0-49F9-BB47-9BEE9BBA373E}
		{D730CF83-A572-43D4-B029-C4B757E0556F} = {34EB5DB3-D0E0-49F9-BB47-9BEE9BBA373E}
	EndGlobalSection
	GlobalSection(ExtensibilityGlobals) = postSolution
		SolutionGuid = {1BF8C2EC-D06E-4BDE-86B6-A509B2A7F4D2}
	EndGlobalSection
EndGlobal
